
Microsoft Visual Studio Solution File, Format Version 12.00
# Visual Studio Version 17
VisualStudioVersion = 17.11.35327.3
MinimumVisualStudioVersion = 10.0.40219.1
Project("{FAE04EC0-301F-11D3-BF4B-00C04F79EFBC}") = "DesktopContactsApp", "DesktopContactsApp\DesktopContactsApp.csproj", "{C226EE03-08E7-4822-8F2C-95500A7A3BBE}"
EndProject
Global
	GlobalSection(SolutionConfigurationPlatforms) = preSolution
		Debug|Any CPU = Debug|Any CPU
		Release|Any CPU = Release|Any CPU
	EndGlobalSection
	GlobalSection(ProjectConfigurationPlatforms) = postSolution
		{C226EE03-08E7-4822-8F2C-95500A7A3BBE}.Debug|Any CPU.ActiveCfg = Debug|Any CPU
		{C226EE03-08E7-4822-8F2C-95500A7A3BBE}.Debug|Any CPU.Build.0 = Debug|Any CPU
		{C226EE03-08E7-4822-8F2C-95500A7A3BBE}.Release|Any CPU.ActiveCfg = Release|Any CPU
		{C226EE03-08E7-4822-8F2C-95500A7A3BBE}.Release|Any CPU.Build.0 = Release|Any CPU
	EndGlobalSection
	GlobalSection(SolutionProperties) = preSolution
		HideSolutionNode = FALSE
	EndGlobalSection
	GlobalSection(ExtensibilityGlobals) = postSolution
		SolutionGuid = {7971444D-8846-4BDA-81E7-9068B4D3ED86}
	EndGlobalSection
EndGlobal
